<?xml version="1.0" encoding="utf-8"?>
<Project ToolsVersion="4.0" xmlns="http://schemas.microsoft.com/developer/msbuild/2003">
  <ItemGroup>
    <ClCompile Include="ANN.cpp" />
    <ClCompile Include="MatrixMaths.cpp" />
    <ClCompile Include="Dll.cpp" />
    <ClCompile Include="ExampleAIModule.cpp" />
  </ItemGroup>
  <ItemGroup>
    <ClInclude Include="ANN.h" />
    <ClInclude Include="MatrixMaths.h" />
    <ClInclude Include="Neuron.h" />
    <ClInclude Include="ExampleAIModule.h" />
  </ItemGroup>
</Project>